// !$*UTF8*$!
{
	archiveVersion = 1;
	classes = {
	};
	objectVersion = 52;
	objects = {

/* Begin PBXBuildFile section */
		4744BF722330E568009E0C87 /* AppDelegate.swift in Sources */ = {isa = PBXBuildFile; fileRef = 4744BF712330E568009E0C87 /* AppDelegate.swift */; };
		4744BF742330E568009E0C87 /* SceneDelegate.swift in Sources */ = {isa = PBXBuildFile; fileRef = 4744BF732330E568009E0C87 /* SceneDelegate.swift */; };
		4744BF762330E568009E0C87 /* ContentView.swift in Sources */ = {isa = PBXBuildFile; fileRef = 4744BF752330E568009E0C87 /* ContentView.swift */; };
		4744BF782330E56C009E0C87 /* Assets.xcassets in Resources */ = {isa = PBXBuildFile; fileRef = 4744BF772330E56C009E0C87 /* Assets.xcassets */; };
		4744BF7B2330E56C009E0C87 /* Preview Assets.xcassets in Resources */ = {isa = PBXBuildFile; fileRef = 4744BF7A2330E56C009E0C87 /* Preview Assets.xcassets */; };
		4744BF7E2330E56C009E0C87 /* LaunchScreen.storyboard in Resources */ = {isa = PBXBuildFile; fileRef = 4744BF7C2330E56C009E0C87 /* LaunchScreen.storyboard */; };
		4744BF892330E56C009E0C87 /* sample_swiftpmTests.swift in Sources */ = {isa = PBXBuildFile; fileRef = 4744BF882330E56C009E0C87 /* sample_swiftpmTests.swift */; };
		4744BF942330E56C009E0C87 /* sample_swiftpmUITests.swift in Sources */ = {isa = PBXBuildFile; fileRef = 4744BF932330E56C009E0C87 /* sample_swiftpmUITests.swift */; };
		4744BFA32330F2A5009E0C87 /* Alamofire in Frameworks */ = {isa = PBXBuildFile; productRef = 4744BFA22330F2A5009E0C87 /* Alamofire */; };
		4744BFA62330F79E009E0C87 /* SwiftyJSON in Frameworks */ = {isa = PBXBuildFile; productRef = 4744BFA52330F79E009E0C87 /* SwiftyJSON */; };
		4744BFA92330F7E1009E0C87 /* Lottie in Frameworks */ = {isa = PBXBuildFile; productRef = 4744BFA82330F7E1009E0C87 /* Lottie */; };
		4744BFAF2330F95B009E0C87 /* Swifter in Frameworks */ = {isa = PBXBuildFile; productRef = 4744BFAE2330F95B009E0C87 /* Swifter */; };
/* End PBXBuildFile section */

/* Begin PBXContainerItemProxy section */
		4744BF852330E56C009E0C87 /* PBXContainerItemProxy */ = {
			isa = PBXContainerItemProxy;
			containerPortal = 4744BF662330E568009E0C87 /* Project object */;
			proxyType = 1;
			remoteGlobalIDString = 4744BF6D2330E568009E0C87;
			remoteInfo = "sample swiftpm";
		};
		4744BF902330E56C009E0C87 /* PBXContainerItemProxy */ = {
			isa = PBXContainerItemProxy;
			containerPortal = 4744BF662330E568009E0C87 /* Project object */;
			proxyType = 1;
			remoteGlobalIDString = 4744BF6D2330E568009E0C87;
			remoteInfo = "sample swiftpm";
		};
/* End PBXContainerItemProxy section */

/* Begin PBXFileReference section */
		4744BF6E2330E568009E0C87 /* sample-swiftpm.app */ = {isa = PBXFileReference; explicitFileType = wrapper.application; includeInIndex = 0; path = "sample-swiftpm.app"; sourceTree = BUILT_PRODUCTS_DIR; };
		4744BF712330E568009E0C87 /* AppDelegate.swift */ = {isa = PBXFileReference; lastKnownFileType = sourcecode.swift; path = AppDelegate.swift; sourceTree = "<group>"; };
		4744BF732330E568009E0C87 /* SceneDelegate.swift */ = {isa = PBXFileReference; lastKnownFileType = sourcecode.swift; path = SceneDelegate.swift; sourceTree = "<group>"; };
		4744BF752330E568009E0C87 /* ContentView.swift */ = {isa = PBXFileReference; lastKnownFileType = sourcecode.swift; path = ContentView.swift; sourceTree = "<group>"; };
		4744BF772330E56C009E0C87 /* Assets.xcassets */ = {isa = PBXFileReference; lastKnownFileType = folder.assetcatalog; path = Assets.xcassets; sourceTree = "<group>"; };
		4744BF7A2330E56C009E0C87 /* Preview Assets.xcassets */ = {isa = PBXFileReference; lastKnownFileType = folder.assetcatalog; path = "Preview Assets.xcassets"; sourceTree = "<group>"; };
		4744BF7D2330E56C009E0C87 /* Base */ = {isa = PBXFileReference; lastKnownFileType = file.storyboard; name = Base; path = Base.lproj/LaunchScreen.storyboard; sourceTree = "<group>"; };
		4744BF7F2330E56C009E0C87 /* Info.plist */ = {isa = PBXFileReference; lastKnownFileType = text.plist.xml; path = Info.plist; sourceTree = "<group>"; };
		4744BF842330E56C009E0C87 /* sample-swiftpmTests.xctest */ = {isa = PBXFileReference; explicitFileType = wrapper.cfbundle; includeInIndex = 0; path = "sample-swiftpmTests.xctest"; sourceTree = BUILT_PRODUCTS_DIR; };
		4744BF882330E56C009E0C87 /* sample_swiftpmTests.swift */ = {isa = PBXFileReference; lastKnownFileType = sourcecode.swift; path = sample_swiftpmTests.swift; sourceTree = "<group>"; };
		4744BF8A2330E56C009E0C87 /* Info.plist */ = {isa = PBXFileReference; lastKnownFileType = text.plist.xml; path = Info.plist; sourceTree = "<group>"; };
		4744BF8F2330E56C009E0C87 /* sample-swiftpmUITests.xctest */ = {isa = PBXFileReference; explicitFileType = wrapper.cfbundle; includeInIndex = 0; path = "sample-swiftpmUITests.xctest"; sourceTree = BUILT_PRODUCTS_DIR; };
		4744BF932330E56C009E0C87 /* sample_swiftpmUITests.swift */ = {isa = PBXFileReference; lastKnownFileType = sourcecode.swift; path = sample_swiftpmUITests.swift; sourceTree = "<group>"; };
		4744BF952330E56C009E0C87 /* Info.plist */ = {isa = PBXFileReference; lastKnownFileType = text.plist.xml; path = Info.plist; sourceTree = "<group>"; };
/* End PBXFileReference section */

/* Begin PBXFrameworksBuildPhase section */
		4744BF6B2330E568009E0C87 /* Frameworks */ = {
			isa = PBXFrameworksBuildPhase;
			buildActionMask = 2147483647;
			files = (
				4744BFA62330F79E009E0C87 /* SwiftyJSON in Frameworks */,
				4744BFA32330F2A5009E0C87 /* Alamofire in Frameworks */,
				4744BFA92330F7E1009E0C87 /* Lottie in Frameworks */,
				4744BFAF2330F95B009E0C87 /* Swifter in Frameworks */,
			);
			runOnlyForDeploymentPostprocessing = 0;
		};
		4744BF812330E56C009E0C87 /* Frameworks */ = {
			isa = PBXFrameworksBuildPhase;
			buildActionMask = 2147483647;
			files = (
			);
			runOnlyForDeploymentPostprocessing = 0;
		};
		4744BF8C2330E56C009E0C87 /* Frameworks */ = {
			isa = PBXFrameworksBuildPhase;
			buildActionMask = 2147483647;
			files = (
			);
			runOnlyForDeploymentPostprocessing = 0;
		};
/* End PBXFrameworksBuildPhase section */

/* Begin PBXGroup section */
		4744BF652330E568009E0C87 = {
			isa = PBXGroup;
			children = (
				4744BF702330E568009E0C87 /* sample-swiftpm */,
				4744BF872330E56C009E0C87 /* sample-swiftpmTests */,
				4744BF922330E56C009E0C87 /* sample-swiftpmUITests */,
				4744BF6F2330E568009E0C87 /* Products */,
			);
			sourceTree = "<group>";
		};
		4744BF6F2330E568009E0C87 /* Products */ = {
			isa = PBXGroup;
			children = (
				4744BF6E2330E568009E0C87 /* sample-swiftpm.app */,
				4744BF842330E56C009E0C87 /* sample-swiftpmTests.xctest */,
				4744BF8F2330E56C009E0C87 /* sample-swiftpmUITests.xctest */,
			);
			name = Products;
			sourceTree = "<group>";
		};
		4744BF702330E568009E0C87 /* sample-swiftpm */ = {
			isa = PBXGroup;
			children = (
				4744BF712330E568009E0C87 /* AppDelegate.swift */,
				4744BF732330E568009E0C87 /* SceneDelegate.swift */,
				4744BF752330E568009E0C87 /* ContentView.swift */,
				4744BF772330E56C009E0C87 /* Assets.xcassets */,
				4744BF7C2330E56C009E0C87 /* LaunchScreen.storyboard */,
				4744BF7F2330E56C009E0C87 /* Info.plist */,
				4744BF792330E56C009E0C87 /* Preview Content */,
			);
			path = "sample-swiftpm";
			sourceTree = "<group>";
		};
		4744BF792330E56C009E0C87 /* Preview Content */ = {
			isa = PBXGroup;
			children = (
				4744BF7A2330E56C009E0C87 /* Preview Assets.xcassets */,
			);
			path = "Preview Content";
			sourceTree = "<group>";
		};
		4744BF872330E56C009E0C87 /* sample-swiftpmTests */ = {
			isa = PBXGroup;
			children = (
				4744BF882330E56C009E0C87 /* sample_swiftpmTests.swift */,
				4744BF8A2330E56C009E0C87 /* Info.plist */,
			);
			path = "sample-swiftpmTests";
			sourceTree = "<group>";
		};
		4744BF922330E56C009E0C87 /* sample-swiftpmUITests */ = {
			isa = PBXGroup;
			children = (
				4744BF932330E56C009E0C87 /* sample_swiftpmUITests.swift */,
				4744BF952330E56C009E0C87 /* Info.plist */,
			);
			path = "sample-swiftpmUITests";
			sourceTree = "<group>";
		};
/* End PBXGroup section */

/* Begin PBXNativeTarget section */
		4744BF6D2330E568009E0C87 /* sample-swiftpm */ = {
			isa = PBXNativeTarget;
			buildConfigurationList = 4744BF982330E56D009E0C87 /* Build configuration list for PBXNativeTarget "sample-swiftpm" */;
			buildPhases = (
				4744BF6A2330E568009E0C87 /* Sources */,
				4744BF6B2330E568009E0C87 /* Frameworks */,
				4744BF6C2330E568009E0C87 /* Resources */,
			);
			buildRules = (
			);
			dependencies = (
			);
			name = "sample-swiftpm";
			packageProductDependencies = (
				4744BFA22330F2A5009E0C87 /* Alamofire */,
				4744BFA52330F79E009E0C87 /* SwiftyJSON */,
				4744BFA82330F7E1009E0C87 /* Lottie */,
				4744BFAE2330F95B009E0C87 /* Swifter */,
			);
			productName = "sample swiftpm";
			productReference = 4744BF6E2330E568009E0C87 /* sample-swiftpm.app */;
			productType = "com.apple.product-type.application";
		};
		4744BF832330E56C009E0C87 /* sample-swiftpmTests */ = {
			isa = PBXNativeTarget;
			buildConfigurationList = 4744BF9B2330E56D009E0C87 /* Build configuration list for PBXNativeTarget "sample-swiftpmTests" */;
			buildPhases = (
				4744BF802330E56C009E0C87 /* Sources */,
				4744BF812330E56C009E0C87 /* Frameworks */,
				4744BF822330E56C009E0C87 /* Resources */,
			);
			buildRules = (
			);
			dependencies = (
				4744BF862330E56C009E0C87 /* PBXTargetDependency */,
			);
			name = "sample-swiftpmTests";
			productName = "sample swiftpmTests";
			productReference = 4744BF842330E56C009E0C87 /* sample-swiftpmTests.xctest */;
			productType = "com.apple.product-type.bundle.unit-test";
		};
		4744BF8E2330E56C009E0C87 /* sample-swiftpmUITests */ = {
			isa = PBXNativeTarget;
			buildConfigurationList = 4744BF9E2330E56D009E0C87 /* Build configuration list for PBXNativeTarget "sample-swiftpmUITests" */;
			buildPhases = (
				4744BF8B2330E56C009E0C87 /* Sources */,
				4744BF8C2330E56C009E0C87 /* Frameworks */,
				4744BF8D2330E56C009E0C87 /* Resources */,
			);
			buildRules = (
			);
			dependencies = (
				4744BF912330E56C009E0C87 /* PBXTargetDependency */,
			);
			name = "sample-swiftpmUITests";
			productName = "sample swiftpmUITests";
			productReference = 4744BF8F2330E56C009E0C87 /* sample-swiftpmUITests.xctest */;
			productType = "com.apple.product-type.bundle.ui-testing";
		};
/* End PBXNativeTarget section */

/* Begin PBXProject section */
		4744BF662330E568009E0C87 /* Project object */ = {
			isa = PBXProject;
			attributes = {
				LastSwiftUpdateCheck = 1100;
				LastUpgradeCheck = 1100;
				ORGANIZATIONNAME = bitrise;
				TargetAttributes = {
					4744BF6D2330E568009E0C87 = {
						CreatedOnToolsVersion = 11.0;
					};
					4744BF832330E56C009E0C87 = {
						CreatedOnToolsVersion = 11.0;
						TestTargetID = 4744BF6D2330E568009E0C87;
					};
					4744BF8E2330E56C009E0C87 = {
						CreatedOnToolsVersion = 11.0;
						TestTargetID = 4744BF6D2330E568009E0C87;
					};
				};
			};
			buildConfigurationList = 4744BF692330E568009E0C87 /* Build configuration list for PBXProject "sample-swiftpm" */;
			compatibilityVersion = "Xcode 9.3";
			developmentRegion = en;
			hasScannedForEncodings = 0;
			knownRegions = (
				en,
				Base,
			);
			mainGroup = 4744BF652330E568009E0C87;
			packageReferences = (
				4744BFA12330F2A5009E0C87 /* XCRemoteSwiftPackageReference "Alamofire" */,
				4744BFA42330F79E009E0C87 /* XCRemoteSwiftPackageReference "SwiftyJSON" */,
				4744BFA72330F7E1009E0C87 /* XCRemoteSwiftPackageReference "lottie-ios" */,
				4744BFAD2330F95B009E0C87 /* XCRemoteSwiftPackageReference "swifter" */,
			);
			productRefGroup = 4744BF6F2330E568009E0C87 /* Products */;
			projectDirPath = "";
			projectRoot = "";
			targets = (
				4744BF6D2330E568009E0C87 /* sample-swiftpm */,
				4744BF832330E56C009E0C87 /* sample-swiftpmTests */,
				4744BF8E2330E56C009E0C87 /* sample-swiftpmUITests */,
			);
		};
/* End PBXProject section */

/* Begin PBXResourcesBuildPhase section */
		4744BF6C2330E568009E0C87 /* Resources */ = {
			isa = PBXResourcesBuildPhase;
			buildActionMask = 2147483647;
			files = (
				4744BF7E2330E56C009E0C87 /* LaunchScreen.storyboard in Resources */,
				4744BF7B2330E56C009E0C87 /* Preview Assets.xcassets in Resources */,
				4744BF782330E56C009E0C87 /* Assets.xcassets in Resources */,
			);
			runOnlyForDeploymentPostprocessing = 0;
		};
		4744BF822330E56C009E0C87 /* Resources */ = {
			isa = PBXResourcesBuildPhase;
			buildActionMask = 2147483647;
			files = (
			);
			runOnlyForDeploymentPostprocessing = 0;
		};
		4744BF8D2330E56C009E0C87 /* Resources */ = {
			isa = PBXResourcesBuildPhase;
			buildActionMask = 2147483647;
			files = (
			);
			runOnlyForDeploymentPostprocessing = 0;
		};
/* End PBXResourcesBuildPhase section */

/* Begin PBXSourcesBuildPhase section */
		4744BF6A2330E568009E0C87 /* Sources */ = {
			isa = PBXSourcesBuildPhase;
			buildActionMask = 2147483647;
			files = (
				4744BF722330E568009E0C87 /* AppDelegate.swift in Sources */,
				4744BF742330E568009E0C87 /* SceneDelegate.swift in Sources */,
				4744BF762330E568009E0C87 /* ContentView.swift in Sources */,
			);
			runOnlyForDeploymentPostprocessing = 0;
		};
		4744BF802330E56C009E0C87 /* Sources */ = {
			isa = PBXSourcesBuildPhase;
			buildActionMask = 2147483647;
			files = (
				4744BF892330E56C009E0C87 /* sample_swiftpmTests.swift in Sources */,
			);
			runOnlyForDeploymentPostprocessing = 0;
		};
		4744BF8B2330E56C009E0C87 /* Sources */ = {
			isa = PBXSourcesBuildPhase;
			buildActionMask = 2147483647;
			files = (
				4744BF942330E56C009E0C87 /* sample_swiftpmUITests.swift in Sources */,
			);
			runOnlyForDeploymentPostprocessing = 0;
		};
/* End PBXSourcesBuildPhase section */

/* Begin PBXTargetDependency section */
		4744BF862330E56C009E0C87 /* PBXTargetDependency */ = {
			isa = PBXTargetDependency;
			target = 4744BF6D2330E568009E0C87 /* sample-swiftpm */;
			targetProxy = 4744BF852330E56C009E0C87 /* PBXContainerItemProxy */;
		};
		4744BF912330E56C009E0C87 /* PBXTargetDependency */ = {
			isa = PBXTargetDependency;
			target = 4744BF6D2330E568009E0C87 /* sample-swiftpm */;
			targetProxy = 4744BF902330E56C009E0C87 /* PBXContainerItemProxy */;
		};
/* End PBXTargetDependency section */

/* Begin PBXVariantGroup section */
		4744BF7C2330E56C009E0C87 /* LaunchScreen.storyboard */ = {
			isa = PBXVariantGroup;
			children = (
				4744BF7D2330E56C009E0C87 /* Base */,
			);
			name = LaunchScreen.storyboard;
			sourceTree = "<group>";
		};
/* End PBXVariantGroup section */

/* Begin XCBuildConfiguration section */
		4744BF962330E56D009E0C87 /* Debug */ = {
			isa = XCBuildConfiguration;
			buildSettings = {
				ALWAYS_SEARCH_USER_PATHS = NO;
				CLANG_ANALYZER_NONNULL = YES;
				CLANG_ANALYZER_NUMBER_OBJECT_CONVERSION = YES_AGGRESSIVE;
				CLANG_CXX_LANGUAGE_STANDARD = "gnu++14";
				CLANG_CXX_LIBRARY = "libc++";
				CLANG_ENABLE_MODULES = YES;
				CLANG_ENABLE_OBJC_ARC = YES;
				CLANG_ENABLE_OBJC_WEAK = YES;
				CLANG_WARN_BLOCK_CAPTURE_AUTORELEASING = YES;
				CLANG_WARN_BOOL_CONVERSION = YES;
				CLANG_WARN_COMMA = YES;
				CLANG_WARN_CONSTANT_CONVERSION = YES;
				CLANG_WARN_DEPRECATED_OBJC_IMPLEMENTATIONS = YES;
				CLANG_WARN_DIRECT_OBJC_ISA_USAGE = YES_ERROR;
				CLANG_WARN_DOCUMENTATION_COMMENTS = YES;
				CLANG_WARN_EMPTY_BODY = YES;
				CLANG_WARN_ENUM_CONVERSION = YES;
				CLANG_WARN_INFINITE_RECURSION = YES;
				CLANG_WARN_INT_CONVERSION = YES;
				CLANG_WARN_NON_LITERAL_NULL_CONVERSION = YES;
				CLANG_WARN_OBJC_IMPLICIT_RETAIN_SELF = YES;
				CLANG_WARN_OBJC_LITERAL_CONVERSION = YES;
				CLANG_WARN_OBJC_ROOT_CLASS = YES_ERROR;
				CLANG_WARN_RANGE_LOOP_ANALYSIS = YES;
				CLANG_WARN_STRICT_PROTOTYPES = YES;
				CLANG_WARN_SUSPICIOUS_MOVE = YES;
				CLANG_WARN_UNGUARDED_AVAILABILITY = YES_AGGRESSIVE;
				CLANG_WARN_UNREACHABLE_CODE = YES;
				CLANG_WARN__DUPLICATE_METHOD_MATCH = YES;
				COPY_PHASE_STRIP = NO;
				DEBUG_INFORMATION_FORMAT = dwarf;
				ENABLE_STRICT_OBJC_MSGSEND = YES;
				ENABLE_TESTABILITY = YES;
				GCC_C_LANGUAGE_STANDARD = gnu11;
				GCC_DYNAMIC_NO_PIC = NO;
				GCC_NO_COMMON_BLOCKS = YES;
				GCC_OPTIMIZATION_LEVEL = 0;
				GCC_PREPROCESSOR_DEFINITIONS = (
					"DEBUG=1",
					"$(inherited)",
				);
				GCC_WARN_64_TO_32_BIT_CONVERSION = YES;
				GCC_WARN_ABOUT_RETURN_TYPE = YES_ERROR;
				GCC_WARN_UNDECLARED_SELECTOR = YES;
				GCC_WARN_UNINITIALIZED_AUTOS = YES_AGGRESSIVE;
				GCC_WARN_UNUSED_FUNCTION = YES;
				GCC_WARN_UNUSED_VARIABLE = YES;
				IPHONEOS_DEPLOYMENT_TARGET = 13.0;
				MTL_ENABLE_DEBUG_INFO = INCLUDE_SOURCE;
				MTL_FAST_MATH = YES;
				ONLY_ACTIVE_ARCH = YES;
				SDKROOT = iphoneos;
				SWIFT_ACTIVE_COMPILATION_CONDITIONS = DEBUG;
				SWIFT_OPTIMIZATION_LEVEL = "-Onone";
			};
			name = Debug;
		};
		4744BF972330E56D009E0C87 /* Release */ = {
			isa = XCBuildConfiguration;
			buildSettings = {
				ALWAYS_SEARCH_USER_PATHS = NO;
				CLANG_ANALYZER_NONNULL = YES;
				CLANG_ANALYZER_NUMBER_OBJECT_CONVERSION = YES_AGGRESSIVE;
				CLANG_CXX_LANGUAGE_STANDARD = "gnu++14";
				CLANG_CXX_LIBRARY = "libc++";
				CLANG_ENABLE_MODULES = YES;
				CLANG_ENABLE_OBJC_ARC = YES;
				CLANG_ENABLE_OBJC_WEAK = YES;
				CLANG_WARN_BLOCK_CAPTURE_AUTORELEASING = YES;
				CLANG_WARN_BOOL_CONVERSION = YES;
				CLANG_WARN_COMMA = YES;
				CLANG_WARN_CONSTANT_CONVERSION = YES;
				CLANG_WARN_DEPRECATED_OBJC_IMPLEMENTATIONS = YES;
				CLANG_WARN_DIRECT_OBJC_ISA_USAGE = YES_ERROR;
				CLANG_WARN_DOCUMENTATION_COMMENTS = YES;
				CLANG_WARN_EMPTY_BODY = YES;
				CLANG_WARN_ENUM_CONVERSION = YES;
				CLANG_WARN_INFINITE_RECURSION = YES;
				CLANG_WARN_INT_CONVERSION = YES;
				CLANG_WARN_NON_LITERAL_NULL_CONVERSION = YES;
				CLANG_WARN_OBJC_IMPLICIT_RETAIN_SELF = YES;
				CLANG_WARN_OBJC_LITERAL_CONVERSION = YES;
				CLANG_WARN_OBJC_ROOT_CLASS = YES_ERROR;
				CLANG_WARN_RANGE_LOOP_ANALYSIS = YES;
				CLANG_WARN_STRICT_PROTOTYPES = YES;
				CLANG_WARN_SUSPICIOUS_MOVE = YES;
				CLANG_WARN_UNGUARDED_AVAILABILITY = YES_AGGRESSIVE;
				CLANG_WARN_UNREACHABLE_CODE = YES;
				CLANG_WARN__DUPLICATE_METHOD_MATCH = YES;
				COPY_PHASE_STRIP = NO;
				DEBUG_INFORMATION_FORMAT = "dwarf-with-dsym";
				ENABLE_NS_ASSERTIONS = NO;
				ENABLE_STRICT_OBJC_MSGSEND = YES;
				GCC_C_LANGUAGE_STANDARD = gnu11;
				GCC_NO_COMMON_BLOCKS = YES;
				GCC_WARN_64_TO_32_BIT_CONVERSION = YES;
				GCC_WARN_ABOUT_RETURN_TYPE = YES_ERROR;
				GCC_WARN_UNDECLARED_SELECTOR = YES;
				GCC_WARN_UNINITIALIZED_AUTOS = YES_AGGRESSIVE;
				GCC_WARN_UNUSED_FUNCTION = YES;
				GCC_WARN_UNUSED_VARIABLE = YES;
				IPHONEOS_DEPLOYMENT_TARGET = 13.0;
				MTL_ENABLE_DEBUG_INFO = NO;
				MTL_FAST_MATH = YES;
				SDKROOT = iphoneos;
				SWIFT_COMPILATION_MODE = wholemodule;
				SWIFT_OPTIMIZATION_LEVEL = "-O";
				VALIDATE_PRODUCT = YES;
			};
			name = Release;
		};
		4744BF992330E56D009E0C87 /* Debug */ = {
			isa = XCBuildConfiguration;
			buildSettings = {
				ASSETCATALOG_COMPILER_APPICON_NAME = AppIcon;
				CODE_SIGN_IDENTITY = "Apple Development";
				CODE_SIGN_STYLE = Automatic;
				DEVELOPMENT_ASSET_PATHS = "\"sample-swiftpm/Preview Content\"";
				DEVELOPMENT_TEAM = 72SA8V3WYL;
				ENABLE_PREVIEWS = YES;
				INFOPLIST_FILE = "sample-swiftpm/Info.plist";
				LD_RUNPATH_SEARCH_PATHS = (
					"$(inherited)",
					"@executable_path/Frameworks",
				);
				PRODUCT_BUNDLE_IDENTIFIER = "io.bitrise.sample-apps.swiftpm";
				PRODUCT_NAME = "sample-swiftpm";
				PROVISIONING_PROFILE_SPECIFIER = "";
				SWIFT_VERSION = 5.0;
				TARGETED_DEVICE_FAMILY = "1,2";
			};
			name = Debug;
		};
		4744BF9A2330E56D009E0C87 /* Release */ = {
			isa = XCBuildConfiguration;
			buildSettings = {
				ASSETCATALOG_COMPILER_APPICON_NAME = AppIcon;
				CODE_SIGN_IDENTITY = "Apple Development";
				CODE_SIGN_STYLE = Automatic;
				DEVELOPMENT_ASSET_PATHS = "\"sample-swiftpm/Preview Content\"";
				DEVELOPMENT_TEAM = 72SA8V3WYL;
				ENABLE_PREVIEWS = YES;
				INFOPLIST_FILE = "sample-swiftpm/Info.plist";
				LD_RUNPATH_SEARCH_PATHS = (
					"$(inherited)",
					"@executable_path/Frameworks",
				);
				PRODUCT_BUNDLE_IDENTIFIER = "io.bitrise.sample-apps.swiftpm";
				PRODUCT_NAME = "sample-swiftpm";
				PROVISIONING_PROFILE_SPECIFIER = "";
				SWIFT_VERSION = 5.0;
				TARGETED_DEVICE_FAMILY = "1,2";
			};
			name = Release;
		};
		4744BF9C2330E56D009E0C87 /* Debug */ = {
			isa = XCBuildConfiguration;
			buildSettings = {
				ALWAYS_EMBED_SWIFT_STANDARD_LIBRARIES = YES;
				BUNDLE_LOADER = "$(TEST_HOST)";
				CODE_SIGN_IDENTITY = "Apple Development";
				CODE_SIGN_STYLE = Manual;
				DEVELOPMENT_TEAM = 72SA8V3WYL;
				INFOPLIST_FILE = "sample-swiftpmTests/Info.plist";
				IPHONEOS_DEPLOYMENT_TARGET = 13.0;
				LD_RUNPATH_SEARCH_PATHS = (
					"$(inherited)",
					"@executable_path/Frameworks",
					"@loader_path/Frameworks",
				);
				PRODUCT_BUNDLE_IDENTIFIER = "io.bitrise.sample-swiftpmTests";
				PRODUCT_NAME = "$(TARGET_NAME)";
				PROVISIONING_PROFILE_SPECIFIER = "";
				"PROVISIONING_PROFILE_SPECIFIER[sdk=macosx*]" = "";
				SWIFT_VERSION = 5.0;
				TARGETED_DEVICE_FAMILY = "1,2";
				TEST_HOST = "$(BUILT_PRODUCTS_DIR)/sample-swiftpm.app/sample-swiftpm";
			};
			name = Debug;
		};
		4744BF9D2330E56D009E0C87 /* Release */ = {
			isa = XCBuildConfiguration;
			buildSettings = {
				ALWAYS_EMBED_SWIFT_STANDARD_LIBRARIES = YES;
				BUNDLE_LOADER = "$(TEST_HOST)";
				CODE_SIGN_IDENTITY = "Apple Development";
				CODE_SIGN_STYLE = Manual;
				DEVELOPMENT_TEAM = 72SA8V3WYL;
				INFOPLIST_FILE = "sample-swiftpmTests/Info.plist";
				IPHONEOS_DEPLOYMENT_TARGET = 13.0;
				LD_RUNPATH_SEARCH_PATHS = (
					"$(inherited)",
					"@executable_path/Frameworks",
					"@loader_path/Frameworks",
				);
				PRODUCT_BUNDLE_IDENTIFIER = "io.bitrise.sample-swiftpmTests";
				PRODUCT_NAME = "$(TARGET_NAME)";
				PROVISIONING_PROFILE_SPECIFIER = "";
				"PROVISIONING_PROFILE_SPECIFIER[sdk=macosx*]" = "";
				SWIFT_VERSION = 5.0;
				TARGETED_DEVICE_FAMILY = "1,2";
				TEST_HOST = "$(BUILT_PRODUCTS_DIR)/sample-swiftpm.app/sample-swiftpm";
			};
			name = Release;
		};
		4744BF9F2330E56D009E0C87 /* Debug */ = {
			isa = XCBuildConfiguration;
			buildSettings = {
				ALWAYS_EMBED_SWIFT_STANDARD_LIBRARIES = YES;
				CODE_SIGN_IDENTITY = "Apple Development";
				"CODE_SIGN_IDENTITY[sdk=macosx*]" = "-";
				CODE_SIGN_STYLE = Automatic;
				DEVELOPMENT_TEAM = 72SA8V3WYL;
				INFOPLIST_FILE = "sample-swiftpmUITests/Info.plist";
				LD_RUNPATH_SEARCH_PATHS = (
					"$(inherited)",
					"@executable_path/Frameworks",
					"@loader_path/Frameworks",
				);
				PRODUCT_BUNDLE_IDENTIFIER = "io.bitrise.sample-swiftpmUITests";
				PRODUCT_NAME = "$(TARGET_NAME)";
				PROVISIONING_PROFILE = "";
				PROVISIONING_PROFILE_SPECIFIER = "";
				"PROVISIONING_PROFILE_SPECIFIER[sdk=macosx*]" = "";
				SWIFT_VERSION = 5.0;
				TARGETED_DEVICE_FAMILY = "1,2";
				TEST_TARGET_NAME = "sample-swiftpm";
			};
			name = Debug;
		};
		4744BFA02330E56D009E0C87 /* Release */ = {
			isa = XCBuildConfiguration;
			buildSettings = {
				ALWAYS_EMBED_SWIFT_STANDARD_LIBRARIES = YES;
				CODE_SIGN_IDENTITY = "Apple Development";
				"CODE_SIGN_IDENTITY[sdk=macosx*]" = "-";
				CODE_SIGN_STYLE = Automatic;
				DEVELOPMENT_TEAM = 72SA8V3WYL;
				INFOPLIST_FILE = "sample-swiftpmUITests/Info.plist";
				LD_RUNPATH_SEARCH_PATHS = (
					"$(inherited)",
					"@executable_path/Frameworks",
					"@loader_path/Frameworks",
				);
				PRODUCT_BUNDLE_IDENTIFIER = "io.bitrise.sample-swiftpmUITests";
				PRODUCT_NAME = "$(TARGET_NAME)";
				PROVISIONING_PROFILE = "";
				PROVISIONING_PROFILE_SPECIFIER = "";
				"PROVISIONING_PROFILE_SPECIFIER[sdk=macosx*]" = "";
				SWIFT_VERSION = 5.0;
				TARGETED_DEVICE_FAMILY = "1,2";
				TEST_TARGET_NAME = "sample-swiftpm";
			};
			name = Release;
		};
/* End XCBuildConfiguration section */

/* Begin XCConfigurationList section */
		4744BF692330E568009E0C87 /* Build configuration list for PBXProject "sample-swiftpm" */ = {
			isa = XCConfigurationList;
			buildConfigurations = (
				4744BF962330E56D009E0C87 /* Debug */,
				4744BF972330E56D009E0C87 /* Release */,
			);
			defaultConfigurationIsVisible = 0;
			defaultConfigurationName = Release;
		};
		4744BF982330E56D009E0C87 /* Build configuration list for PBXNativeTarget "sample-swiftpm" */ = {
			isa = XCConfigurationList;
			buildConfigurations = (
				4744BF992330E56D009E0C87 /* Debug */,
				4744BF9A2330E56D009E0C87 /* Release */,
			);
			defaultConfigurationIsVisible = 0;
			defaultConfigurationName = Release;
		};
		4744BF9B2330E56D009E0C87 /* Build configuration list for PBXNativeTarget "sample-swiftpmTests" */ = {
			isa = XCConfigurationList;
			buildConfigurations = (
				4744BF9C2330E56D009E0C87 /* Debug */,
				4744BF9D2330E56D009E0C87 /* Release */,
			);
			defaultConfigurationIsVisible = 0;
			defaultConfigurationName = Release;
		};
		4744BF9E2330E56D009E0C87 /* Build configuration list for PBXNativeTarget "sample-swiftpmUITests" */ = {
			isa = XCConfigurationList;
			buildConfigurations = (
				4744BF9F2330E56D009E0C87 /* Debug */,
				4744BFA02330E56D009E0C87 /* Release */,
			);
			defaultConfigurationIsVisible = 0;
			defaultConfigurationName = Release;
		};
/* End XCConfigurationList section */

/* Begin XCRemoteSwiftPackageReference section */
		4744BFA12330F2A5009E0C87 /* XCRemoteSwiftPackageReference "Alamofire" */ = {
			isa = XCRemoteSwiftPackageReference;
			repositoryURL = "https://github.com/Alamofire/Alamofire";
			requirement = {
				kind = upToNextMajorVersion;
				minimumVersion = 4.9.0;
			};
		};
		4744BFA42330F79E009E0C87 /* XCRemoteSwiftPackageReference "SwiftyJSON" */ = {
			isa = XCRemoteSwiftPackageReference;
			repositoryURL = "https://github.com/SwiftyJSON/SwiftyJSON";
			requirement = {
				kind = upToNextMajorVersion;
				minimumVersion = 4.2.0;
			};
		};
		4744BFA72330F7E1009E0C87 /* XCRemoteSwiftPackageReference "lottie-ios" */ = {
			isa = XCRemoteSwiftPackageReference;
			repositoryURL = "https://github.com/airbnb/lottie-ios";
			requirement = {
				kind = upToNextMajorVersion;
				minimumVersion = 3.1.3;
			};
		};
		4744BFAD2330F95B009E0C87 /* XCRemoteSwiftPackageReference "swifter" */ = {
			isa = XCRemoteSwiftPackageReference;
			repositoryURL = "https://github.com/httpswift/swifter";
			requirement = {
				kind = exactVersion;
				version = 1.4.6;
			};
		};
/* End XCRemoteSwiftPackageReference section */

/* Begin XCSwiftPackageProductDependency section */
		4744BFA22330F2A5009E0C87 /* Alamofire */ = {
			isa = XCSwiftPackageProductDependency;
			package = 4744BFA12330F2A5009E0C87 /* XCRemoteSwiftPackageReference "Alamofire" */;
			productName = Alamofire;
		};
		4744BFA52330F79E009E0C87 /* SwiftyJSON */ = {
			isa = XCSwiftPackageProductDependency;
			package = 4744BFA42330F79E009E0C87 /* XCRemoteSwiftPackageReference "SwiftyJSON" */;
			productName = SwiftyJSON;
		};
		4744BFA82330F7E1009E0C87 /* Lottie */ = {
			isa = XCSwiftPackageProductDependency;
			package = 4744BFA72330F7E1009E0C87 /* XCRemoteSwiftPackageReference "lottie-ios" */;
			productName = Lottie;
		};
		4744BFAE2330F95B009E0C87 /* Swifter */ = {
			isa = XCSwiftPackageProductDependency;
			package = 4744BFAD2330F95B009E0C87 /* XCRemoteSwiftPackageReference "swifter" */;
			productName = Swifter;
		};
/* End XCSwiftPackageProductDependency section */
	};
	rootObject = 4744BF662330E568009E0C87 /* Project object */;
}
